
Microsoft Visual Studio Solution File, Format Version 12.00
# Visual Studio Version 17
VisualStudioVersion = 17.0.31903.59
MinimumVisualStudioVersion = 10.0.40219.1
Project("{2150E333-8FDC-42A3-9474-1A3956D46DE8}") = "src", "src", "{7EB7B841-0BCC-4061-B79C-614910006C91}"
EndProject
Project("{FAE04EC0-301F-11D3-BF4B-00C04F79EFBC}") = "SlidingWindow", "src\SlidingWindow\SlidingWindow.csproj", "{D824C6A2-F28A-4B23-8B09-A7584C8C9CB0}"
EndProject
Project("{2150E333-8FDC-42A3-9474-1A3956D46DE8}") = "test", "test", "{64062DED-4206-4F8C-A8AF-2F9FA2025477}"
EndProject
Project("{FAE04EC0-301F-11D3-BF4B-00C04F79EFBC}") = "SlidingWindow.Tests", "test\SlidingWindow.Tests\SlidingWindow.Tests.csproj", "{80F04835-0D99-4F25-8F11-B4CA9451BFB7}"
EndProject
Global
	GlobalSection(SolutionConfigurationPlatforms) = preSolution
		Debug|Any CPU = Debug|Any CPU
		Release|Any CPU = Release|Any CPU
	EndGlobalSection
	GlobalSection(SolutionProperties) = preSolution
		HideSolutionNode = FALSE
	EndGlobalSection
	GlobalSection(ProjectConfigurationPlatforms) = postSolution
		{D824C6A2-F28A-4B23-8B09-A7584C8C9CB0}.Debug|Any CPU.ActiveCfg = Debug|Any CPU
		{D824C6A2-F28A-4B23-8B09-A7584C8C9CB0}.Debug|Any CPU.Build.0 = Debug|Any CPU
		{D824C6A2-F28A-4B23-8B09-A7584C8C9CB0}.Release|Any CPU.ActiveCfg = Release|Any CPU
		{D824C6A2-F28A-4B23-8B09-A7584C8C9CB0}.Release|Any CPU.Build.0 = Release|Any CPU
		{80F04835-0D99-4F25-8F11-B4CA9451BFB7}.Debug|Any CPU.ActiveCfg = Debug|Any CPU
		{80F04835-0D99-4F25-8F11-B4CA9451BFB7}.Debug|Any CPU.Build.0 = Debug|Any CPU
		{80F04835-0D99-4F25-8F11-B4CA9451BFB7}.Release|Any CPU.ActiveCfg = Release|Any CPU
		{80F04835-0D99-4F25-8F11-B4CA9451BFB7}.Release|Any CPU.Build.0 = Release|Any CPU
	EndGlobalSection
	GlobalSection(NestedProjects) = preSolution
		{D824C6A2-F28A-4B23-8B09-A7584C8C9CB0} = {7EB7B841-0BCC-4061-B79C-614910006C91}
		{80F04835-0D99-4F25-8F11-B4CA9451BFB7} = {64062DED-4206-4F8C-A8AF-2F9FA2025477}
	EndGlobalSection
EndGlobal
